
Microsoft Visual Studio Solution File, Format Version 12.00
# Visual Studio Version 16
VisualStudioVersion = 16.0.31005.135
MinimumVisualStudioVersion = 10.0.40219.1
Project("{9A19103F-16F7-4668-BE54-9A1E7A4F7556}") = "Api", "Api.csproj", "{5434BFFF-8CBC-483C-9439-16ECB710AB1B}"
EndProject
Global
	GlobalSection(SolutionConfigurationPlatforms) = preSolution
		Debug|Any CPU = Debug|Any CPU
		Release|Any CPU = Release|Any CPU
	EndGlobalSection
	GlobalSection(ProjectConfigurationPlatforms) = postSolution
		{5434BFFF-8CBC-483C-9439-16ECB710AB1B}.Debug|Any CPU.ActiveCfg = Debug|Any CPU
		{5434BFFF-8CBC-483C-9439-16ECB710AB1B}.Debug|Any CPU.Build.0 = Debug|Any CPU
		{5434BFFF-8CBC-483C-9439-16ECB710AB1B}.Release|Any CPU.ActiveCfg = Release|Any CPU
		{5434BFFF-8CBC-483C-9439-16ECB710AB1B}.Release|Any CPU.Build.0 = Release|Any CPU
	EndGlobalSection
	GlobalSection(SolutionProperties) = preSolution
		HideSolutionNode = FALSE
	EndGlobalSection
	GlobalSection(ExtensibilityGlobals) = postSolution
		SolutionGuid = {AF993237-D871-46D0-8407-CBEF60C04521}
	EndGlobalSection
EndGlobal
